
Microsoft Visual Studio Solution File, Format Version 12.00
# Visual Studio Version 17
VisualStudioVersion = 17.14.36603.0
MinimumVisualStudioVersion = 10.0.40219.1
Project("{2150E333-8FDC-42A3-9474-1A3956D46DE8}") = "UI", "UI", "{02EA681E-C7D8-13C7-8484-4AC65E1B71E8}"
EndProject
Project("{2150E333-8FDC-42A3-9474-1A3956D46DE8}") = "src", "src", "{EE10F396-575C-41DF-86B4-04F3D63AB0E0}"
EndProject
Project("{2150E333-8FDC-42A3-9474-1A3956D46DE8}") = "test", "test", "{6857A75E-4B9B-4B03-B7E9-6A9EBF4328A8}"
EndProject
Project("{2150E333-8FDC-42A3-9474-1A3956D46DE8}") = "Shared", "Shared", "{DF834C72-AB7B-4F3D-9C54-65D5337E26B5}"
EndProject
Project("{FAE04EC0-301F-11D3-BF4B-00C04F79EFBC}") = "T.ApexLM.App", "T.ApexLM.App\T.ApexLM.App.csproj", "{1E295FAA-9ACE-D3E7-4862-A413759D67E7}"
EndProject
Project("{2150E333-8FDC-42A3-9474-1A3956D46DE8}") = "API", "API", "{08AE7FAD-220E-49DB-A9DA-A1E01C0991A7}"
EndProject
Project("{FAE04EC0-301F-11D3-BF4B-00C04F79EFBC}") = "T.ApexLM.API", "T.ApexLM.API\T.ApexLM.API.csproj", "{6B813312-F240-4276-AD4D-9524F6276A5D}"
EndProject
Project("{2150E333-8FDC-42A3-9474-1A3956D46DE8}") = "Core", "Core", "{453C5B66-6F02-4AA8-A49B-6DD858A9DC58}"
EndProject
Project("{FAE04EC0-301F-11D3-BF4B-00C04F79EFBC}") = "T.ApexLM.Core.Domain", "T.ApexLM.Core.Domain\T.ApexLM.Core.Domain.csproj", "{C3A378F3-B667-4ED4-B27D-3A22FDA94311}"
EndProject
Project("{FAE04EC0-301F-11D3-BF4B-00C04F79EFBC}") = "T.ApexLM.Core.Services", "T.ApexLM.Core.Services\T.ApexLM.Core.Services.csproj", "{51F0CA47-C35C-4BBE-B48D-5E239FFE2CA8}"
EndProject
Project("{FAE04EC0-301F-11D3-BF4B-00C04F79EFBC}") = "T.ApexLM.Core.Services.Abstractions", "T.ApexLM.Core.Services.Abstractions\T.ApexLM.Core.Services.Abstractions.csproj", "{8CC3C394-55AF-43A1-A316-FF3D48CC242D}"
EndProject
Project("{2150E333-8FDC-42A3-9474-1A3956D46DE8}") = "Infrastructure", "Infrastructure", "{9F408AE8-7D6F-4C61-AF99-A46A908717B2}"
EndProject
Project("{FAE04EC0-301F-11D3-BF4B-00C04F79EFBC}") = "T.ApexLM.Infrastructure.Persistence", "T.ApexLM.Infrastructure.Persistence\T.ApexLM.Infrastructure.Persistence.csproj", "{907C5346-38F0-4513-B54D-BFE82A490B73}"
EndProject
Project("{FAE04EC0-301F-11D3-BF4B-00C04F79EFBC}") = "T.ApexLM.UnitTests", "T.ApexLM.UnitTests\T.ApexLM.UnitTests.csproj", "{FAC14E75-F3C5-47F0-A43D-416C36B59E1E}"
EndProject
Project("{FAE04EC0-301F-11D3-BF4B-00C04F79EFBC}") = "T.ApexLM.Shared", "T.ApexLM.Shared\T.ApexLM.Shared.csproj", "{211DF6CC-33A8-1DB2-976C-BFFC07306146}"
EndProject
Project("{FAE04EC0-301F-11D3-BF4B-00C04F79EFBC}") = "T.ApexLM.App.Services", "T.ApexLM.App.Services\T.ApexLM.App.Services.csproj", "{9EF0DBC2-B801-BA49-99F8-33A7842AA393}"
EndProject
Global
	GlobalSection(SolutionConfigurationPlatforms) = preSolution
		Debug|Any CPU = Debug|Any CPU
		Release|Any CPU = Release|Any CPU
	EndGlobalSection
	GlobalSection(ProjectConfigurationPlatforms) = postSolution
		{1E295FAA-9ACE-D3E7-4862-A413759D67E7}.Debug|Any CPU.ActiveCfg = Debug|Any CPU
		{1E295FAA-9ACE-D3E7-4862-A413759D67E7}.Debug|Any CPU.Build.0 = Debug|Any CPU
		{1E295FAA-9ACE-D3E7-4862-A413759D67E7}.Release|Any CPU.ActiveCfg = Release|Any CPU
		{1E295FAA-9ACE-D3E7-4862-A413759D67E7}.Release|Any CPU.Build.0 = Release|Any CPU
		{6B813312-F240-4276-AD4D-9524F6276A5D}.Debug|Any CPU.ActiveCfg = Debug|Any CPU
		{6B813312-F240-4276-AD4D-9524F6276A5D}.Debug|Any CPU.Build.0 = Debug|Any CPU
		{6B813312-F240-4276-AD4D-9524F6276A5D}.Release|Any CPU.ActiveCfg = Release|Any CPU
		{6B813312-F240-4276-AD4D-9524F6276A5D}.Release|Any CPU.Build.0 = Release|Any CPU
		{C3A378F3-B667-4ED4-B27D-3A22FDA94311}.Debug|Any CPU.ActiveCfg = Debug|Any CPU
		{C3A378F3-B667-4ED4-B27D-3A22FDA94311}.Debug|Any CPU.Build.0 = Debug|Any CPU
		{C3A378F3-B667-4ED4-B27D-3A22FDA94311}.Release|Any CPU.ActiveCfg = Release|Any CPU
		{C3A378F3-B667-4ED4-B27D-3A22FDA94311}.Release|Any CPU.Build.0 = Release|Any CPU
		{51F0CA47-C35C-4BBE-B48D-5E239FFE2CA8}.Debug|Any CPU.ActiveCfg = Debug|Any CPU
		{51F0CA47-C35C-4BBE-B48D-5E239FFE2CA8}.Debug|Any CPU.Build.0 = Debug|Any CPU
		{51F0CA47-C35C-4BBE-B48D-5E239FFE2CA8}.Release|Any CPU.ActiveCfg = Release|Any CPU
		{51F0CA47-C35C-4BBE-B48D-5E239FFE2CA8}.Release|Any CPU.Build.0 = Release|Any CPU
		{8CC3C394-55AF-43A1-A316-FF3D48CC242D}.Debug|Any CPU.ActiveCfg = Debug|Any CPU
		{8CC3C394-55AF-43A1-A316-FF3D48CC242D}.Debug|Any CPU.Build.0 = Debug|Any CPU
		{8CC3C394-55AF-43A1-A316-FF3D48CC242D}.Release|Any CPU.ActiveCfg = Release|Any CPU
		{8CC3C394-55AF-43A1-A316-FF3D48CC242D}.Release|Any CPU.Build.0 = Release|Any CPU
		{907C5346-38F0-4513-B54D-BFE82A490B73}.Debug|Any CPU.ActiveCfg = Debug|Any CPU
		{907C5346-38F0-4513-B54D-BFE82A490B73}.Debug|Any CPU.Build.0 = Debug|Any CPU
		{907C5346-38F0-4513-B54D-BFE82A490B73}.Release|Any CPU.ActiveCfg = Release|Any CPU
		{907C5346-38F0-4513-B54D-BFE82A490B73}.Release|Any CPU.Build.0 = Release|Any CPU
		{FAC14E75-F3C5-47F0-A43D-416C36B59E1E}.Debug|Any CPU.ActiveCfg = Debug|Any CPU
		{FAC14E75-F3C5-47F0-A43D-416C36B59E1E}.Debug|Any CPU.Build.0 = Debug|Any CPU
		{FAC14E75-F3C5-47F0-A43D-416C36B59E1E}.Release|Any CPU.ActiveCfg = Release|Any CPU
		{FAC14E75-F3C5-47F0-A43D-416C36B59E1E}.Release|Any CPU.Build.0 = Release|Any CPU
		{211DF6CC-33A8-1DB2-976C-BFFC07306146}.Debug|Any CPU.ActiveCfg = Debug|Any CPU
		{211DF6CC-33A8-1DB2-976C-BFFC07306146}.Debug|Any CPU.Build.0 = Debug|Any CPU
		{211DF6CC-33A8-1DB2-976C-BFFC07306146}.Release|Any CPU.ActiveCfg = Release|Any CPU
		{211DF6CC-33A8-1DB2-976C-BFFC07306146}.Release|Any CPU.Build.0 = Release|Any CPU
		{9EF0DBC2-B801-BA49-99F8-33A7842AA393}.Debug|Any CPU.ActiveCfg = Debug|Any CPU
		{9EF0DBC2-B801-BA49-99F8-33A7842AA393}.Debug|Any CPU.Build.0 = Debug|Any CPU
		{9EF0DBC2-B801-BA49-99F8-33A7842AA393}.Release|Any CPU.ActiveCfg = Release|Any CPU
		{9EF0DBC2-B801-BA49-99F8-33A7842AA393}.Release|Any CPU.Build.0 = Release|Any CPU
	EndGlobalSection
	GlobalSection(SolutionProperties) = preSolution
		HideSolutionNode = FALSE
	EndGlobalSection
	GlobalSection(NestedProjects) = preSolution
		{02EA681E-C7D8-13C7-8484-4AC65E1B71E8} = {EE10F396-575C-41DF-86B4-04F3D63AB0E0}
		{DF834C72-AB7B-4F3D-9C54-65D5337E26B5} = {EE10F396-575C-41DF-86B4-04F3D63AB0E0}
		{1E295FAA-9ACE-D3E7-4862-A413759D67E7} = {02EA681E-C7D8-13C7-8484-4AC65E1B71E8}
		{08AE7FAD-220E-49DB-A9DA-A1E01C0991A7} = {EE10F396-575C-41DF-86B4-04F3D63AB0E0}
		{6B813312-F240-4276-AD4D-9524F6276A5D} = {08AE7FAD-220E-49DB-A9DA-A1E01C0991A7}
		{453C5B66-6F02-4AA8-A49B-6DD858A9DC58} = {EE10F396-575C-41DF-86B4-04F3D63AB0E0}
		{C3A378F3-B667-4ED4-B27D-3A22FDA94311} = {453C5B66-6F02-4AA8-A49B-6DD858A9DC58}
		{51F0CA47-C35C-4BBE-B48D-5E239FFE2CA8} = {453C5B66-6F02-4AA8-A49B-6DD858A9DC58}
		{8CC3C394-55AF-43A1-A316-FF3D48CC242D} = {453C5B66-6F02-4AA8-A49B-6DD858A9DC58}
		{9F408AE8-7D6F-4C61-AF99-A46A908717B2} = {EE10F396-575C-41DF-86B4-04F3D63AB0E0}
		{907C5346-38F0-4513-B54D-BFE82A490B73} = {9F408AE8-7D6F-4C61-AF99-A46A908717B2}
		{FAC14E75-F3C5-47F0-A43D-416C36B59E1E} = {6857A75E-4B9B-4B03-B7E9-6A9EBF4328A8}
		{211DF6CC-33A8-1DB2-976C-BFFC07306146} = {DF834C72-AB7B-4F3D-9C54-65D5337E26B5}
		{9EF0DBC2-B801-BA49-99F8-33A7842AA393} = {02EA681E-C7D8-13C7-8484-4AC65E1B71E8}
	EndGlobalSection
	GlobalSection(ExtensibilityGlobals) = postSolution
		SolutionGuid = {265B887B-5BD6-4534-8183-C21B86677F9F}
	EndGlobalSection
EndGlobal
